
Microsoft Visual Studio Solution File, Format Version 12.00
# Visual Studio Version 17
VisualStudioVersion = 17.8.34330.188
MinimumVisualStudioVersion = 10.0.40219.1
Project("{FAE04EC0-301F-11D3-BF4B-00C04F79EFBC}") = "LMS", "LMS.csproj", "{287DDC9F-7CB0-4681-BA8D-0978B65B31DA}"
EndProject
Global
	GlobalSection(SolutionConfigurationPlatforms) = preSolution
		Debug|Any CPU = Debug|Any CPU
		Release|Any CPU = Release|Any CPU
	EndGlobalSection
	GlobalSection(ProjectConfigurationPlatforms) = postSolution
		{287DDC9F-7CB0-4681-BA8D-0978B65B31DA}.Debug|Any CPU.ActiveCfg = Debug|Any CPU
		{287DDC9F-7CB0-4681-BA8D-0978B65B31DA}.Debug|Any CPU.Build.0 = Debug|Any CPU
		{287DDC9F-7CB0-4681-BA8D-0978B65B31DA}.Release|Any CPU.ActiveCfg = Release|Any CPU
		{287DDC9F-7CB0-4681-BA8D-0978B65B31DA}.Release|Any CPU.Build.0 = Release|Any CPU
	EndGlobalSection
	GlobalSection(SolutionProperties) = preSolution
		HideSolutionNode = FALSE
	EndGlobalSection
	GlobalSection(ExtensibilityGlobals) = postSolution
		SolutionGuid = {2E356465-E198-4DD1-9EF1-D18C391609E5}
	EndGlobalSection
EndGlobal
